// !$*UTF8*$!
{
	archiveVersion = 1;
	classes = {
	};
	objectVersion = 46;
	objects = {

/* Begin PBXBuildFile section */
		824FC9E51C606AF200BE7072 /* main.m in Sources */ = {isa = PBXBuildFile; fileRef = 824FC9E41C606AF200BE7072 /* main.m */; };
		824FC9E81C606AF200BE7072 /* AppDelegate.m in Sources */ = {isa = PBXBuildFile; fileRef = 824FC9E71C606AF200BE7072 /* AppDelegate.m */; };
		824FC9EB1C606AF200BE7072 /* LoginViewController.m in Sources */ = {isa = PBXBuildFile; fileRef = 824FC9EA1C606AF200BE7072 /* LoginViewController.m */; };
		824FC9EE1C606AF200BE7072 /* Main.storyboard in Resources */ = {isa = PBXBuildFile; fileRef = 824FC9EC1C606AF200BE7072 /* Main.storyboard */; };
		824FC9F01C606AF200BE7072 /* Assets.xcassets in Resources */ = {isa = PBXBuildFile; fileRef = 824FC9EF1C606AF200BE7072 /* Assets.xcassets */; };
		824FC9F31C606AF200BE7072 /* LaunchScreen.storyboard in Resources */ = {isa = PBXBuildFile; fileRef = 824FC9F11C606AF200BE7072 /* LaunchScreen.storyboard */; };
		824FC9FE1C606AF200BE7072 /* BizagiTests.m in Sources */ = {isa = PBXBuildFile; fileRef = 824FC9FD1C606AF200BE7072 /* BizagiTests.m */; };
		824FCA0B1C60C7CF00BE7072 /* Default.png in Resources */ = {isa = PBXBuildFile; fileRef = 824FCA091C60C7CF00BE7072 /* Default.png */; };
		824FCA0C1C60C7CF00BE7072 /* Default@2x.png in Resources */ = {isa = PBXBuildFile; fileRef = 824FCA0A1C60C7CF00BE7072 /* Default@2x.png */; };
		824FCA0E1C60D84B00BE7072 /* inbox.png in Resources */ = {isa = PBXBuildFile; fileRef = 824FCA0D1C60D84B00BE7072 /* inbox.png */; };
		824FCA1A1C60D91F00BE7072 /* Icon-60.png in Resources */ = {isa = PBXBuildFile; fileRef = 824FCA0F1C60D91F00BE7072 /* Icon-60.png */; };
		824FCA1B1C60D91F00BE7072 /* Icon-60@2x.png in Resources */ = {isa = PBXBuildFile; fileRef = 824FCA101C60D91F00BE7072 /* Icon-60@2x.png */; };
		824FCA1C1C60D91F00BE7072 /* Icon-60@3x.png in Resources */ = {isa = PBXBuildFile; fileRef = 824FCA111C60D91F00BE7072 /* Icon-60@3x.png */; };
		824FCA1D1C60D91F00BE7072 /* Icon-Small.png in Resources */ = {isa = PBXBuildFile; fileRef = 824FCA121C60D91F00BE7072 /* Icon-Small.png */; };
		824FCA1E1C60D91F00BE7072 /* Icon-Small@2x.png in Resources */ = {isa = PBXBuildFile; fileRef = 824FCA131C60D91F00BE7072 /* Icon-Small@2x.png */; };
		824FCA1F1C60D91F00BE7072 /* Icon-Small@3x.png in Resources */ = {isa = PBXBuildFile; fileRef = 824FCA141C60D91F00BE7072 /* Icon-Small@3x.png */; };
		824FCA201C60D91F00BE7072 /* Icon-Spotlight-40.png in Resources */ = {isa = PBXBuildFile; fileRef = 824FCA151C60D91F00BE7072 /* Icon-Spotlight-40.png */; };
		824FCA211C60D91F00BE7072 /* Icon-Spotlight-40@2x.png in Resources */ = {isa = PBXBuildFile; fileRef = 824FCA161C60D91F00BE7072 /* Icon-Spotlight-40@2x.png */; };
		824FCA221C60D91F00BE7072 /* Icon-Spotlight-40@3x.png in Resources */ = {isa = PBXBuildFile; fileRef = 824FCA171C60D91F00BE7072 /* Icon-Spotlight-40@3x.png */; };
		824FCA231C60D91F00BE7072 /* iTunesArtwork in Resources */ = {isa = PBXBuildFile; fileRef = 824FCA181C60D91F00BE7072 /* iTunesArtwork */; };
		824FCA241C60D91F00BE7072 /* iTunesArtwork@2x in Resources */ = {isa = PBXBuildFile; fileRef = 824FCA191C60D91F00BE7072 /* iTunesArtwork@2x */; };
/* End PBXBuildFile section */

/* Begin PBXContainerItemProxy section */
		824FC9FA1C606AF200BE7072 /* PBXContainerItemProxy */ = {
			isa = PBXContainerItemProxy;
			containerPortal = 824FC9D81C606AF100BE7072 /* Project object */;
			proxyType = 1;
			remoteGlobalIDString = 824FC9DF1C606AF100BE7072;
			remoteInfo = Bizagi;
		};
/* End PBXContainerItemProxy section */

/* Begin PBXFileReference section */
		824FC9E01C606AF200BE7072 /* Bizagi.app */ = {isa = PBXFileReference; explicitFileType = wrapper.application; includeInIndex = 0; path = Bizagi.app; sourceTree = BUILT_PRODUCTS_DIR; };
		824FC9E41C606AF200BE7072 /* main.m */ = {isa = PBXFileReference; lastKnownFileType = sourcecode.c.objc; path = main.m; sourceTree = "<group>"; };
		824FC9E61C606AF200BE7072 /* AppDelegate.h */ = {isa = PBXFileReference; lastKnownFileType = sourcecode.c.h; path = AppDelegate.h; sourceTree = "<group>"; };
		824FC9E71C606AF200BE7072 /* AppDelegate.m */ = {isa = PBXFileReference; lastKnownFileType = sourcecode.c.objc; path = AppDelegate.m; sourceTree = "<group>"; };
		824FC9E91C606AF200BE7072 /* LoginViewController.h */ = {isa = PBXFileReference; lastKnownFileType = sourcecode.c.h; path = LoginViewController.h; sourceTree = "<group>"; };
		824FC9EA1C606AF200BE7072 /* LoginViewController.m */ = {isa = PBXFileReference; lastKnownFileType = sourcecode.c.objc; path = LoginViewController.m; sourceTree = "<group>"; };
		824FC9ED1C606AF200BE7072 /* Base */ = {isa = PBXFileReference; lastKnownFileType = file.storyboard; name = Base; path = Base.lproj/Main.storyboard; sourceTree = "<group>"; };
		824FC9EF1C606AF200BE7072 /* Assets.xcassets */ = {isa = PBXFileReference; lastKnownFileType = folder.assetcatalog; path = Assets.xcassets; sourceTree = "<group>"; };
		824FC9F21C606AF200BE7072 /* Base */ = {isa = PBXFileReference; lastKnownFileType = file.storyboard; name = Base; path = Base.lproj/LaunchScreen.storyboard; sourceTree = "<group>"; };
		824FC9F41C606AF200BE7072 /* Info.plist */ = {isa = PBXFileReference; lastKnownFileType = text.plist.xml; path = Info.plist; sourceTree = "<group>"; };
		824FC9F91C606AF200BE7072 /* BizagiTests.xctest */ = {isa = PBXFileReference; explicitFileType = wrapper.cfbundle; includeInIndex = 0; path = BizagiTests.xctest; sourceTree = BUILT_PRODUCTS_DIR; };
		824FC9FD1C606AF200BE7072 /* BizagiTests.m */ = {isa = PBXFileReference; lastKnownFileType = sourcecode.c.objc; path = BizagiTests.m; sourceTree = "<group>"; };
		824FC9FF1C606AF200BE7072 /* Info.plist */ = {isa = PBXFileReference; lastKnownFileType = text.plist.xml; path = Info.plist; sourceTree = "<group>"; };
		824FCA091C60C7CF00BE7072 /* Default.png */ = {isa = PBXFileReference; lastKnownFileType = image.png; path = Default.png; sourceTree = "<group>"; };
		824FCA0A1C60C7CF00BE7072 /* Default@2x.png */ = {isa = PBXFileReference; lastKnownFileType = image.png; path = "Default@2x.png"; sourceTree = "<group>"; };
		824FCA0D1C60D84B00BE7072 /* inbox.png */ = {isa = PBXFileReference; lastKnownFileType = image.png; path = inbox.png; sourceTree = "<group>"; };
		824FCA0F1C60D91F00BE7072 /* Icon-60.png */ = {isa = PBXFileReference; lastKnownFileType = image.png; path = "Icon-60.png"; sourceTree = "<group>"; };
		824FCA101C60D91F00BE7072 /* Icon-60@2x.png */ = {isa = PBXFileReference; lastKnownFileType = image.png; path = "Icon-60@2x.png"; sourceTree = "<group>"; };
		824FCA111C60D91F00BE7072 /* Icon-60@3x.png */ = {isa = PBXFileReference; lastKnownFileType = image.png; path = "Icon-60@3x.png"; sourceTree = "<group>"; };
		824FCA121C60D91F00BE7072 /* Icon-Small.png */ = {isa = PBXFileReference; lastKnownFileType = image.png; path = "Icon-Small.png"; sourceTree = "<group>"; };
		824FCA131C60D91F00BE7072 /* Icon-Small@2x.png */ = {isa = PBXFileReference; lastKnownFileType = image.png; path = "Icon-Small@2x.png"; sourceTree = "<group>"; };
		824FCA141C60D91F00BE7072 /* Icon-Small@3x.png */ = {isa = PBXFileReference; lastKnownFileType = image.png; path = "Icon-Small@3x.png"; sourceTree = "<group>"; };
		824FCA151C60D91F00BE7072 /* Icon-Spotlight-40.png */ = {isa = PBXFileReference; lastKnownFileType = image.png; path = "Icon-Spotlight-40.png"; sourceTree = "<group>"; };
		824FCA161C60D91F00BE7072 /* Icon-Spotlight-40@2x.png */ = {isa = PBXFileReference; lastKnownFileType = image.png; path = "Icon-Spotlight-40@2x.png"; sourceTree = "<group>"; };
		824FCA171C60D91F00BE7072 /* Icon-Spotlight-40@3x.png */ = {isa = PBXFileReference; lastKnownFileType = image.png; path = "Icon-Spotlight-40@3x.png"; sourceTree = "<group>"; };
		824FCA181C60D91F00BE7072 /* iTunesArtwork */ = {isa = PBXFileReference; lastKnownFileType = file; path = iTunesArtwork; sourceTree = "<group>"; };
		824FCA191C60D91F00BE7072 /* iTunesArtwork@2x */ = {isa = PBXFileReference; lastKnownFileType = file; path = "iTunesArtwork@2x"; sourceTree = "<group>"; };
/* End PBXFileReference section */

/* Begin PBXFrameworksBuildPhase section */
		824FC9DD1C606AF100BE7072 /* Frameworks */ = {
			isa = PBXFrameworksBuildPhase;
			buildActionMask = 2147483647;
			files = (
			);
			runOnlyForDeploymentPostprocessing = 0;
		};
		824FC9F61C606AF200BE7072 /* Frameworks */ = {
			isa = PBXFrameworksBuildPhase;
			buildActionMask = 2147483647;
			files = (
			);
			runOnlyForDeploymentPostprocessing = 0;
		};
/* End PBXFrameworksBuildPhase section */

/* Begin PBXGroup section */
		824FC9D71C606AF100BE7072 = {
			isa = PBXGroup;
			children = (
				824FCA081C60C39C00BE7072 /* Assets */,
				824FC9E21C606AF200BE7072 /* Bizagi */,
				824FC9FC1C606AF200BE7072 /* BizagiTests */,
				824FC9E11C606AF200BE7072 /* Products */,
			);
			sourceTree = "<group>";
		};
		824FC9E11C606AF200BE7072 /* Products */ = {
			isa = PBXGroup;
			children = (
				824FC9E01C606AF200BE7072 /* Bizagi.app */,
				824FC9F91C606AF200BE7072 /* BizagiTests.xctest */,
			);
			name = Products;
			sourceTree = "<group>";
		};
		824FC9E21C606AF200BE7072 /* Bizagi */ = {
			isa = PBXGroup;
			children = (
				824FC9E61C606AF200BE7072 /* AppDelegate.h */,
				824FC9E71C606AF200BE7072 /* AppDelegate.m */,
				824FC9E91C606AF200BE7072 /* LoginViewController.h */,
				824FC9EA1C606AF200BE7072 /* LoginViewController.m */,
				824FC9EC1C606AF200BE7072 /* Main.storyboard */,
				824FC9EF1C606AF200BE7072 /* Assets.xcassets */,
				824FC9F11C606AF200BE7072 /* LaunchScreen.storyboard */,
				824FC9F41C606AF200BE7072 /* Info.plist */,
				824FC9E31C606AF200BE7072 /* Supporting Files */,
			);
			path = Bizagi;
			sourceTree = "<group>";
		};
		824FC9E31C606AF200BE7072 /* Supporting Files */ = {
			isa = PBXGroup;
			children = (
				824FC9E41C606AF200BE7072 /* main.m */,
			);
			name = "Supporting Files";
			sourceTree = "<group>";
		};
		824FC9FC1C606AF200BE7072 /* BizagiTests */ = {
			isa = PBXGroup;
			children = (
				824FC9FD1C606AF200BE7072 /* BizagiTests.m */,
				824FC9FF1C606AF200BE7072 /* Info.plist */,
			);
			path = BizagiTests;
			sourceTree = "<group>";
		};
		824FCA081C60C39C00BE7072 /* Assets */ = {
			isa = PBXGroup;
			children = (
				824FCA0F1C60D91F00BE7072 /* Icon-60.png */,
				824FCA101C60D91F00BE7072 /* Icon-60@2x.png */,
				824FCA111C60D91F00BE7072 /* Icon-60@3x.png */,
				824FCA121C60D91F00BE7072 /* Icon-Small.png */,
				824FCA131C60D91F00BE7072 /* Icon-Small@2x.png */,
				824FCA141C60D91F00BE7072 /* Icon-Small@3x.png */,
				824FCA151C60D91F00BE7072 /* Icon-Spotlight-40.png */,
				824FCA161C60D91F00BE7072 /* Icon-Spotlight-40@2x.png */,
				824FCA171C60D91F00BE7072 /* Icon-Spotlight-40@3x.png */,
				824FCA181C60D91F00BE7072 /* iTunesArtwork */,
				824FCA191C60D91F00BE7072 /* iTunesArtwork@2x */,
				824FCA0D1C60D84B00BE7072 /* inbox.png */,
				824FCA0A1C60C7CF00BE7072 /* Default@2x.png */,
				824FCA091C60C7CF00BE7072 /* Default.png */,
			);
			name = Assets;
			sourceTree = "<group>";
		};
/* End PBXGroup section */

/* Begin PBXNativeTarget section */
		824FC9DF1C606AF100BE7072 /* Bizagi */ = {
			isa = PBXNativeTarget;
			buildConfigurationList = 824FCA021C606AF200BE7072 /* Build configuration list for PBXNativeTarget "Bizagi" */;
			buildPhases = (
				824FC9DC1C606AF100BE7072 /* Sources */,
				824FC9DD1C606AF100BE7072 /* Frameworks */,
				824FC9DE1C606AF100BE7072 /* Resources */,
			);
			buildRules = (
			);
			dependencies = (
			);
			name = Bizagi;
			productName = Bizagi;
			productReference = 824FC9E01C606AF200BE7072 /* Bizagi.app */;
			productType = "com.apple.product-type.application";
		};
		824FC9F81C606AF200BE7072 /* BizagiTests */ = {
			isa = PBXNativeTarget;
			buildConfigurationList = 824FCA051C606AF200BE7072 /* Build configuration list for PBXNativeTarget "BizagiTests" */;
			buildPhases = (
				824FC9F51C606AF200BE7072 /* Sources */,
				824FC9F61C606AF200BE7072 /* Frameworks */,
				824FC9F71C606AF200BE7072 /* Resources */,
			);
			buildRules = (
			);
			dependencies = (
				824FC9FB1C606AF200BE7072 /* PBXTargetDependency */,
			);
			name = BizagiTests;
			productName = BizagiTests;
			productReference = 824FC9F91C606AF200BE7072 /* BizagiTests.xctest */;
			productType = "com.apple.product-type.bundle.unit-test";
		};
/* End PBXNativeTarget section */

/* Begin PBXProject section */
		824FC9D81C606AF100BE7072 /* Project object */ = {
			isa = PBXProject;
			attributes = {
				LastUpgradeCheck = 0720;
				ORGANIZATIONNAME = "Raúl Gómez";
				TargetAttributes = {
					824FC9DF1C606AF100BE7072 = {
						CreatedOnToolsVersion = 7.2;
					};
					824FC9F81C606AF200BE7072 = {
						CreatedOnToolsVersion = 7.2;
						TestTargetID = 824FC9DF1C606AF100BE7072;
					};
				};
			};
			buildConfigurationList = 824FC9DB1C606AF100BE7072 /* Build configuration list for PBXProject "Bizagi" */;
			compatibilityVersion = "Xcode 3.2";
			developmentRegion = English;
			hasScannedForEncodings = 0;
			knownRegions = (
				en,
				Base,
			);
			mainGroup = 824FC9D71C606AF100BE7072;
			productRefGroup = 824FC9E11C606AF200BE7072 /* Products */;
			projectDirPath = "";
			projectRoot = "";
			targets = (
				824FC9DF1C606AF100BE7072 /* Bizagi */,
				824FC9F81C606AF200BE7072 /* BizagiTests */,
			);
		};
/* End PBXProject section */

/* Begin PBXResourcesBuildPhase section */
		824FC9DE1C606AF100BE7072 /* Resources */ = {
			isa = PBXResourcesBuildPhase;
			buildActionMask = 2147483647;
			files = (
				824FCA211C60D91F00BE7072 /* Icon-Spotlight-40@2x.png in Resources */,
				824FCA221C60D91F00BE7072 /* Icon-Spotlight-40@3x.png in Resources */,
				824FC9F31C606AF200BE7072 /* LaunchScreen.storyboard in Resources */,
				824FC9F01C606AF200BE7072 /* Assets.xcassets in Resources */,
				824FCA0E1C60D84B00BE7072 /* inbox.png in Resources */,
				824FCA0C1C60C7CF00BE7072 /* Default@2x.png in Resources */,
				824FCA241C60D91F00BE7072 /* iTunesArtwork@2x in Resources */,
				824FC9EE1C606AF200BE7072 /* Main.storyboard in Resources */,
				824FCA1A1C60D91F00BE7072 /* Icon-60.png in Resources */,
				824FCA1F1C60D91F00BE7072 /* Icon-Small@3x.png in Resources */,
				824FCA1C1C60D91F00BE7072 /* Icon-60@3x.png in Resources */,
				824FCA0B1C60C7CF00BE7072 /* Default.png in Resources */,
				824FCA1D1C60D91F00BE7072 /* Icon-Small.png in Resources */,
				824FCA1B1C60D91F00BE7072 /* Icon-60@2x.png in Resources */,
				824FCA1E1C60D91F00BE7072 /* Icon-Small@2x.png in Resources */,
				824FCA201C60D91F00BE7072 /* Icon-Spotlight-40.png in Resources */,
				824FCA231C60D91F00BE7072 /* iTunesArtwork in Resources */,
			);
			runOnlyForDeploymentPostprocessing = 0;
		};
		824FC9F71C606AF200BE7072 /* Resources */ = {
			isa = PBXResourcesBuildPhase;
			buildActionMask = 2147483647;
			files = (
			);
			runOnlyForDeploymentPostprocessing = 0;
		};
/* End PBXResourcesBuildPhase section */

/* Begin PBXSourcesBuildPhase section */
		824FC9DC1C606AF100BE7072 /* Sources */ = {
			isa = PBXSourcesBuildPhase;
			buildActionMask = 2147483647;
			files = (
				824FC9EB1C606AF200BE7072 /* LoginViewController.m in Sources */,
				824FC9E81C606AF200BE7072 /* AppDelegate.m in Sources */,
				824FC9E51C606AF200BE7072 /* main.m in Sources */,
			);
			runOnlyForDeploymentPostprocessing = 0;
		};
		824FC9F51C606AF200BE7072 /* Sources */ = {
			isa = PBXSourcesBuildPhase;
			buildActionMask = 2147483647;
			files = (
				824FC9FE1C606AF200BE7072 /* BizagiTests.m in Sources */,
			);
			runOnlyForDeploymentPostprocessing = 0;
		};
/* End PBXSourcesBuildPhase section */

/* Begin PBXTargetDependency section */
		824FC9FB1C606AF200BE7072 /* PBXTargetDependency */ = {
			isa = PBXTargetDependency;
			target = 824FC9DF1C606AF100BE7072 /* Bizagi */;
			targetProxy = 824FC9FA1C606AF200BE7072 /* PBXContainerItemProxy */;
		};
/* End PBXTargetDependency section */

/* Begin PBXVariantGroup section */
		824FC9EC1C606AF200BE7072 /* Main.storyboard */ = {
			isa = PBXVariantGroup;
			children = (
				824FC9ED1C606AF200BE7072 /* Base */,
			);
			name = Main.storyboard;
			sourceTree = "<group>";
		};
		824FC9F11C606AF200BE7072 /* LaunchScreen.storyboard */ = {
			isa = PBXVariantGroup;
			children = (
				824FC9F21C606AF200BE7072 /* Base */,
			);
			name = LaunchScreen.storyboard;
			sourceTree = "<group>";
		};
/* End PBXVariantGroup section */

/* Begin XCBuildConfiguration section */
		824FCA001C606AF200BE7072 /* Debug */ = {
			isa = XCBuildConfiguration;
			buildSettings = {
				ALWAYS_SEARCH_USER_PATHS = NO;
				CLANG_CXX_LANGUAGE_STANDARD = "gnu++0x";
				CLANG_CXX_LIBRARY = "libc++";
				CLANG_ENABLE_MODULES = YES;
				CLANG_ENABLE_OBJC_ARC = YES;
				CLANG_WARN_BOOL_CONVERSION = YES;
				CLANG_WARN_CONSTANT_CONVERSION = YES;
				CLANG_WARN_DIRECT_OBJC_ISA_USAGE = YES_ERROR;
				CLANG_WARN_EMPTY_BODY = YES;
				CLANG_WARN_ENUM_CONVERSION = YES;
				CLANG_WARN_INT_CONVERSION = YES;
				CLANG_WARN_OBJC_ROOT_CLASS = YES_ERROR;
				CLANG_WARN_UNREACHABLE_CODE = YES;
				CLANG_WARN__DUPLICATE_METHOD_MATCH = YES;
				"CODE_SIGN_IDENTITY[sdk=iphoneos*]" = "iPhone Developer";
				COPY_PHASE_STRIP = NO;
				DEBUG_INFORMATION_FORMAT = dwarf;
				ENABLE_STRICT_OBJC_MSGSEND = YES;
				ENABLE_TESTABILITY = YES;
				GCC_C_LANGUAGE_STANDARD = gnu99;
				GCC_DYNAMIC_NO_PIC = NO;
				GCC_NO_COMMON_BLOCKS = YES;
				GCC_OPTIMIZATION_LEVEL = 0;
				GCC_PREPROCESSOR_DEFINITIONS = (
					"DEBUG=1",
					"$(inherited)",
				);
				GCC_WARN_64_TO_32_BIT_CONVERSION = YES;
				GCC_WARN_ABOUT_RETURN_TYPE = YES_ERROR;
				GCC_WARN_UNDECLARED_SELECTOR = YES;
				GCC_WARN_UNINITIALIZED_AUTOS = YES_AGGRESSIVE;
				GCC_WARN_UNUSED_FUNCTION = YES;
				GCC_WARN_UNUSED_VARIABLE = YES;
				IPHONEOS_DEPLOYMENT_TARGET = 9.2;
				MTL_ENABLE_DEBUG_INFO = YES;
				ONLY_ACTIVE_ARCH = YES;
				SDKROOT = iphoneos;
			};
			name = Debug;
		};
		824FCA011C606AF200BE7072 /* Release */ = {
			isa = XCBuildConfiguration;
			buildSettings = {
				ALWAYS_SEARCH_USER_PATHS = NO;
				CLANG_CXX_LANGUAGE_STANDARD = "gnu++0x";
				CLANG_CXX_LIBRARY = "libc++";
				CLANG_ENABLE_MODULES = YES;
				CLANG_ENABLE_OBJC_ARC = YES;
				CLANG_WARN_BOOL_CONVERSION = YES;
				CLANG_WARN_CONSTANT_CONVERSION = YES;
				CLANG_WARN_DIRECT_OBJC_ISA_USAGE = YES_ERROR;
				CLANG_WARN_EMPTY_BODY = YES;
				CLANG_WARN_ENUM_CONVERSION = YES;
				CLANG_WARN_INT_CONVERSION = YES;
				CLANG_WARN_OBJC_ROOT_CLASS = YES_ERROR;
				CLANG_WARN_UNREACHABLE_CODE = YES;
				CLANG_WARN__DUPLICATE_METHOD_MATCH = YES;
				"CODE_SIGN_IDENTITY[sdk=iphoneos*]" = "iPhone Developer";
				COPY_PHASE_STRIP = NO;
				DEBUG_INFORMATION_FORMAT = "dwarf-with-dsym";
				ENABLE_NS_ASSERTIONS = NO;
				ENABLE_STRICT_OBJC_MSGSEND = YES;
				GCC_C_LANGUAGE_STANDARD = gnu99;
				GCC_NO_COMMON_BLOCKS = YES;
				GCC_WARN_64_TO_32_BIT_CONVERSION = YES;
				GCC_WARN_ABOUT_RETURN_TYPE = YES_ERROR;
				GCC_WARN_UNDECLARED_SELECTOR = YES;
				GCC_WARN_UNINITIALIZED_AUTOS = YES_AGGRESSIVE;
				GCC_WARN_UNUSED_FUNCTION = YES;
				GCC_WARN_UNUSED_VARIABLE = YES;
				IPHONEOS_DEPLOYMENT_TARGET = 9.2;
				MTL_ENABLE_DEBUG_INFO = NO;
				SDKROOT = iphoneos;
				VALIDATE_PRODUCT = YES;
			};
			name = Release;
		};
		824FCA031C606AF200BE7072 /* Debug */ = {
			isa = XCBuildConfiguration;
			buildSettings = {
				ASSETCATALOG_COMPILER_APPICON_NAME = AppIcon;
				INFOPLIST_FILE = Bizagi/Info.plist;
				LD_RUNPATH_SEARCH_PATHS = "$(inherited) @executable_path/Frameworks";
				PRODUCT_BUNDLE_IDENTIFIER = com.vericarte.Bizagi;
				PRODUCT_NAME = "$(TARGET_NAME)";
			};
			name = Debug;
		};
		824FCA041C606AF200BE7072 /* Release */ = {
			isa = XCBuildConfiguration;
			buildSettings = {
				ASSETCATALOG_COMPILER_APPICON_NAME = AppIcon;
				INFOPLIST_FILE = Bizagi/Info.plist;
				LD_RUNPATH_SEARCH_PATHS = "$(inherited) @executable_path/Frameworks";
				PRODUCT_BUNDLE_IDENTIFIER = com.vericarte.Bizagi;
				PRODUCT_NAME = "$(TARGET_NAME)";
			};
			name = Release;
		};
		824FCA061C606AF200BE7072 /* Debug */ = {
			isa = XCBuildConfiguration;
			buildSettings = {
				BUNDLE_LOADER = "$(TEST_HOST)";
				INFOPLIST_FILE = BizagiTests/Info.plist;
				LD_RUNPATH_SEARCH_PATHS = "$(inherited) @executable_path/Frameworks @loader_path/Frameworks";
				PRODUCT_BUNDLE_IDENTIFIER = com.vericarte.BizagiTests;
				PRODUCT_NAME = "$(TARGET_NAME)";
				TEST_HOST = "$(BUILT_PRODUCTS_DIR)/Bizagi.app/Bizagi";
			};
			name = Debug;
		};
		824FCA071C606AF200BE7072 /* Release */ = {
			isa = XCBuildConfiguration;
			buildSettings = {
				BUNDLE_LOADER = "$(TEST_HOST)";
				INFOPLIST_FILE = BizagiTests/Info.plist;
				LD_RUNPATH_SEARCH_PATHS = "$(inherited) @executable_path/Frameworks @loader_path/Frameworks";
				PRODUCT_BUNDLE_IDENTIFIER = com.vericarte.BizagiTests;
				PRODUCT_NAME = "$(TARGET_NAME)";
				TEST_HOST = "$(BUILT_PRODUCTS_DIR)/Bizagi.app/Bizagi";
			};
			name = Release;
		};
/* End XCBuildConfiguration section */

/* Begin XCConfigurationList section */
		824FC9DB1C606AF100BE7072 /* Build configuration list for PBXProject "Bizagi" */ = {
			isa = XCConfigurationList;
			buildConfigurations = (
				824FCA001C606AF200BE7072 /* Debug */,
				824FCA011C606AF200BE7072 /* Release */,
			);
			defaultConfigurationIsVisible = 0;
			defaultConfigurationName = Release;
		};
		824FCA021C606AF200BE7072 /* Build configuration list for PBXNativeTarget "Bizagi" */ = {
			isa = XCConfigurationList;
			buildConfigurations = (
				824FCA031C606AF200BE7072 /* Debug */,
				824FCA041C606AF200BE7072 /* Release */,
			);
			defaultConfigurationIsVisible = 0;
		};
		824FCA051C606AF200BE7072 /* Build configuration list for PBXNativeTarget "BizagiTests" */ = {
			isa = XCConfigurationList;
			buildConfigurations = (
				824FCA061C606AF200BE7072 /* Debug */,
				824FCA071C606AF200BE7072 /* Release */,
			);
			defaultConfigurationIsVisible = 0;
		};
/* End XCConfigurationList section */
	};
	rootObject = 824FC9D81C606AF100BE7072 /* Project object */;
}
